
Microsoft Visual Studio Solution File, Format Version 12.00
# Visual Studio Version 17
VisualStudioVersion = 17.4.33213.308
MinimumVisualStudioVersion = 10.0.40219.1
Project("{2150E333-8FDC-42A3-9474-1A3956D46DE8}") = "APRESENTACAO", "APRESENTACAO", "{4FCCB2B3-27A5-427B-BAF7-CEAAF888F02B}"
EndProject
Project("{2150E333-8FDC-42A3-9474-1A3956D46DE8}") = "DOMINIO", "DOMINIO", "{D3C1C91A-B0A4-4E11-BF3C-1A6F41D06A12}"
EndProject
Project("{2150E333-8FDC-42A3-9474-1A3956D46DE8}") = "SERVICO", "SERVICO", "{607CC0B5-88F9-4AEA-AC43-3976892FF94D}"
EndProject
Project("{2150E333-8FDC-42A3-9474-1A3956D46DE8}") = "DADOS", "DADOS", "{68912062-C349-4EA9-82FC-EC4CBF05E076}"
EndProject
Project("{2150E333-8FDC-42A3-9474-1A3956D46DE8}") = "UTIL", "UTIL", "{9BCC8425-AD2D-47C5-8AE8-7BE01FAC8687}"
EndProject
Project("{FAE04EC0-301F-11D3-BF4B-00C04F79EFBC}") = "Api", "Api\Api.csproj", "{1DAC4A21-CD83-4ADD-ADB0-0A657683F357}"
EndProject
Project("{FAE04EC0-301F-11D3-BF4B-00C04F79EFBC}") = "Dominio", "Dominio\Dominio.csproj", "{9E966F76-599E-4E26-8297-16992C87150D}"
EndProject
Project("{FAE04EC0-301F-11D3-BF4B-00C04F79EFBC}") = "Servico", "Servico\Servico.csproj", "{8417FD60-BB6C-4FFD-BA4A-BB1C07F7419A}"
EndProject
Project("{FAE04EC0-301F-11D3-BF4B-00C04F79EFBC}") = "Dados", "Dados\Dados.csproj", "{6C3F4570-A250-4A57-B53E-808D50443F58}"
EndProject
Global
	GlobalSection(SolutionConfigurationPlatforms) = preSolution
		Debug|Any CPU = Debug|Any CPU
		Release|Any CPU = Release|Any CPU
	EndGlobalSection
	GlobalSection(ProjectConfigurationPlatforms) = postSolution
		{1DAC4A21-CD83-4ADD-ADB0-0A657683F357}.Debug|Any CPU.ActiveCfg = Debug|Any CPU
		{1DAC4A21-CD83-4ADD-ADB0-0A657683F357}.Debug|Any CPU.Build.0 = Debug|Any CPU
		{1DAC4A21-CD83-4ADD-ADB0-0A657683F357}.Release|Any CPU.ActiveCfg = Release|Any CPU
		{1DAC4A21-CD83-4ADD-ADB0-0A657683F357}.Release|Any CPU.Build.0 = Release|Any CPU
		{9E966F76-599E-4E26-8297-16992C87150D}.Debug|Any CPU.ActiveCfg = Debug|Any CPU
		{9E966F76-599E-4E26-8297-16992C87150D}.Debug|Any CPU.Build.0 = Debug|Any CPU
		{9E966F76-599E-4E26-8297-16992C87150D}.Release|Any CPU.ActiveCfg = Release|Any CPU
		{9E966F76-599E-4E26-8297-16992C87150D}.Release|Any CPU.Build.0 = Release|Any CPU
		{8417FD60-BB6C-4FFD-BA4A-BB1C07F7419A}.Debug|Any CPU.ActiveCfg = Debug|Any CPU
		{8417FD60-BB6C-4FFD-BA4A-BB1C07F7419A}.Debug|Any CPU.Build.0 = Debug|Any CPU
		{8417FD60-BB6C-4FFD-BA4A-BB1C07F7419A}.Release|Any CPU.ActiveCfg = Release|Any CPU
		{8417FD60-BB6C-4FFD-BA4A-BB1C07F7419A}.Release|Any CPU.Build.0 = Release|Any CPU
		{6C3F4570-A250-4A57-B53E-808D50443F58}.Debug|Any CPU.ActiveCfg = Debug|Any CPU
		{6C3F4570-A250-4A57-B53E-808D50443F58}.Debug|Any CPU.Build.0 = Debug|Any CPU
		{6C3F4570-A250-4A57-B53E-808D50443F58}.Release|Any CPU.ActiveCfg = Release|Any CPU
		{6C3F4570-A250-4A57-B53E-808D50443F58}.Release|Any CPU.Build.0 = Release|Any CPU
	EndGlobalSection
	GlobalSection(SolutionProperties) = preSolution
		HideSolutionNode = FALSE
	EndGlobalSection
	GlobalSection(NestedProjects) = preSolution
		{1DAC4A21-CD83-4ADD-ADB0-0A657683F357} = {4FCCB2B3-27A5-427B-BAF7-CEAAF888F02B}
		{9E966F76-599E-4E26-8297-16992C87150D} = {D3C1C91A-B0A4-4E11-BF3C-1A6F41D06A12}
		{8417FD60-BB6C-4FFD-BA4A-BB1C07F7419A} = {607CC0B5-88F9-4AEA-AC43-3976892FF94D}
		{6C3F4570-A250-4A57-B53E-808D50443F58} = {68912062-C349-4EA9-82FC-EC4CBF05E076}
	EndGlobalSection
	GlobalSection(ExtensibilityGlobals) = postSolution
		SolutionGuid = {B13595EF-4511-4751-84FE-9844B481CE02}
	EndGlobalSection
EndGlobal
